
Microsoft Visual Studio Solution File, Format Version 12.00
# Visual Studio 15
VisualStudioVersion = 15.0.28307.421
MinimumVisualStudioVersion = 10.0.40219.1
Project("{FAE04EC0-301F-11D3-BF4B-00C04F79EFBC}") = "lab2_4", "lab2_4\lab2_4.csproj", "{2F9720BE-1533-4486-9EF3-545AD93D4C0B}"
EndProject
Global
	GlobalSection(SolutionConfigurationPlatforms) = preSolution
		Debug|Any CPU = Debug|Any CPU
		Release|Any CPU = Release|Any CPU
	EndGlobalSection
	GlobalSection(ProjectConfigurationPlatforms) = postSolution
		{2F9720BE-1533-4486-9EF3-545AD93D4C0B}.Debug|Any CPU.ActiveCfg = Debug|Any CPU
		{2F9720BE-1533-4486-9EF3-545AD93D4C0B}.Debug|Any CPU.Build.0 = Debug|Any CPU
		{2F9720BE-1533-4486-9EF3-545AD93D4C0B}.Release|Any CPU.ActiveCfg = Release|Any CPU
		{2F9720BE-1533-4486-9EF3-545AD93D4C0B}.Release|Any CPU.Build.0 = Release|Any CPU
	EndGlobalSection
	GlobalSection(SolutionProperties) = preSolution
		HideSolutionNode = FALSE
	EndGlobalSection
	GlobalSection(ExtensibilityGlobals) = postSolution
		SolutionGuid = {79492EC7-E978-4059-AAAB-57BA7431906D}
	EndGlobalSection
EndGlobal
